
Microsoft Visual Studio Solution File, Format Version 12.00
# Visual Studio Version 16
VisualStudioVersion = 16.0.30128.74
MinimumVisualStudioVersion = 10.0.40219.1
Project("{8BC9CEB8-8B4A-11D0-8D11-00A0C91BC942}") = "pointer_reference", "pointer_reference\pointer_reference.vcxproj", "{C9BDC87F-2B21-4E69-9DC4-4E5B82C9095B}"
EndProject
Global
	GlobalSection(SolutionConfigurationPlatforms) = preSolution
		Debug|x64 = Debug|x64
		Debug|x86 = Debug|x86
		Release|x64 = Release|x64
		Release|x86 = Release|x86
	EndGlobalSection
	GlobalSection(ProjectConfigurationPlatforms) = postSolution
		{C9BDC87F-2B21-4E69-9DC4-4E5B82C9095B}.Debug|x64.ActiveCfg = Debug|x64
		{C9BDC87F-2B21-4E69-9DC4-4E5B82C9095B}.Debug|x64.Build.0 = Debug|x64
		{C9BDC87F-2B21-4E69-9DC4-4E5B82C9095B}.Debug|x86.ActiveCfg = Debug|Win32
		{C9BDC87F-2B21-4E69-9DC4-4E5B82C9095B}.Debug|x86.Build.0 = Debug|Win32
		{C9BDC87F-2B21-4E69-9DC4-4E5B82C9095B}.Release|x64.ActiveCfg = Release|x64
		{C9BDC87F-2B21-4E69-9DC4-4E5B82C9095B}.Release|x64.Build.0 = Release|x64
		{C9BDC87F-2B21-4E69-9DC4-4E5B82C9095B}.Release|x86.ActiveCfg = Release|Win32
		{C9BDC87F-2B21-4E69-9DC4-4E5B82C9095B}.Release|x86.Build.0 = Release|Win32
	EndGlobalSection
	GlobalSection(SolutionProperties) = preSolution
		HideSolutionNode = FALSE
	EndGlobalSection
	GlobalSection(ExtensibilityGlobals) = postSolution
		SolutionGuid = {D37D6D72-6E2E-4F9C-B02B-E62CA3A8A09D}
	EndGlobalSection
EndGlobal
