
Microsoft Visual Studio Solution File, Format Version 12.00
# Visual Studio Version 16
VisualStudioVersion = 16.0.30128.74
MinimumVisualStudioVersion = 10.0.40219.1
Project("{8BC9CEB8-8B4A-11D0-8D11-00A0C91BC942}") = "string_class", "string_class\string_class.vcxproj", "{C19E3404-7CF7-443D-84F4-4D82C0ACC8C6}"
EndProject
Global
	GlobalSection(SolutionConfigurationPlatforms) = preSolution
		Debug|x64 = Debug|x64
		Debug|x86 = Debug|x86
		Release|x64 = Release|x64
		Release|x86 = Release|x86
	EndGlobalSection
	GlobalSection(ProjectConfigurationPlatforms) = postSolution
		{C19E3404-7CF7-443D-84F4-4D82C0ACC8C6}.Debug|x64.ActiveCfg = Debug|x64
		{C19E3404-7CF7-443D-84F4-4D82C0ACC8C6}.Debug|x64.Build.0 = Debug|x64
		{C19E3404-7CF7-443D-84F4-4D82C0ACC8C6}.Debug|x86.ActiveCfg = Debug|Win32
		{C19E3404-7CF7-443D-84F4-4D82C0ACC8C6}.Debug|x86.Build.0 = Debug|Win32
		{C19E3404-7CF7-443D-84F4-4D82C0ACC8C6}.Release|x64.ActiveCfg = Release|x64
		{C19E3404-7CF7-443D-84F4-4D82C0ACC8C6}.Release|x64.Build.0 = Release|x64
		{C19E3404-7CF7-443D-84F4-4D82C0ACC8C6}.Release|x86.ActiveCfg = Release|Win32
		{C19E3404-7CF7-443D-84F4-4D82C0ACC8C6}.Release|x86.Build.0 = Release|Win32
	EndGlobalSection
	GlobalSection(SolutionProperties) = preSolution
		HideSolutionNode = FALSE
	EndGlobalSection
	GlobalSection(ExtensibilityGlobals) = postSolution
		SolutionGuid = {56A88F9E-472E-4769-AAE3-A2D10A0FD632}
	EndGlobalSection
EndGlobal
